
Microsoft Visual Studio Solution File, Format Version 12.00
# Visual Studio 14
VisualStudioVersion = 14.0.25420.1
MinimumVisualStudioVersion = 10.0.40219.1
Project("{2150E333-8FDC-42A3-9474-1A3956D46DE8}") = "README", "README", "{380CC575-C72E-4C93-BD0C-995C3E609848}"
	ProjectSection(SolutionItems) = preProject
		LICENSE.md = LICENSE.md
		README.md = README.md
	EndProjectSection
EndProject
Project("{FAE04EC0-301F-11D3-BF4B-00C04F79EFBC}") = "GpioWeb.Core", "GpioWeb.Core\GpioWeb.Core.csproj", "{57FC566D-D931-4A12-80B8-5C9C13D87253}"
EndProject
Project("{FAE04EC0-301F-11D3-BF4B-00C04F79EFBC}") = "GpioWeb.ClientUtility", "GpioWeb.ClientUtility\GpioWeb.ClientUtility.csproj", "{A3140386-1711-410C-97F8-7B593D9F53F0}"
EndProject
Project("{FAE04EC0-301F-11D3-BF4B-00C04F79EFBC}") = "GpioWeb.ConsoleHost", "GpioWeb.ConsoleHost\GpioWeb.ConsoleHost.csproj", "{DAC19D2C-C267-47A2-8026-9C272D98803E}"
EndProject
Project("{FAE04EC0-301F-11D3-BF4B-00C04F79EFBC}") = "GpioWeb.ConsoleClient", "GpioWeb.ConsoleClient\GpioWeb.ConsoleClient.csproj", "{BB2735D8-B4AB-4D86-9CE4-CF9165837F9D}"
EndProject
Project("{FAE04EC0-301F-11D3-BF4B-00C04F79EFBC}") = "GpioWeb.PluginBuzzerSimple", "GpioWeb.PluginBuzzerSimple\GpioWeb.PluginBuzzerSimple.csproj", "{73DF1D33-B960-4D01-BC1B-E75157443D0F}"
EndProject
Project("{FAE04EC0-301F-11D3-BF4B-00C04F79EFBC}") = "GpioWeb.PluginLedBuzzerSimple", "GpioWeb.PluginLedBuzzerSimple\GpioWeb.PluginLedBuzzerSimple.csproj", "{E9E04CE2-77A2-4E6C-997E-972C8F606DD1}"
EndProject
Project("{FAE04EC0-301F-11D3-BF4B-00C04F79EFBC}") = "GpioWeb.PluginLedSimple", "GpioWeb.PluginLedSimple\GpioWeb.PluginLedSimple.csproj", "{418E3047-2859-4E5D-A851-987AD04156A6}"
EndProject
Project("{FAE04EC0-301F-11D3-BF4B-00C04F79EFBC}") = "GpioWeb.PluginRgbSimple", "GpioWeb.PluginRgbSimple\GpioWeb.PluginRgbSimple.csproj", "{F500DD04-1E98-4D75-B06C-F3EFF773A603}"
EndProject
Project("{2150E333-8FDC-42A3-9474-1A3956D46DE8}") = "Raspberry-Sharp-IO", "Raspberry-Sharp-IO", "{04981137-90D7-4C99-A10F-E1C6913B5C15}"
	ProjectSection(SolutionItems) = preProject
		Raspberry.Sharp.IO\Raspberry.IO.Components.dll = Raspberry.Sharp.IO\Raspberry.IO.Components.dll
		Raspberry.Sharp.IO\Raspberry.IO.dll = Raspberry.Sharp.IO\Raspberry.IO.dll
		Raspberry.Sharp.IO\Raspberry.IO.GeneralPurpose.dll = Raspberry.Sharp.IO\Raspberry.IO.GeneralPurpose.dll
		Raspberry.Sharp.IO\Raspberry.IO.InterIntegratedCircuit.dll = Raspberry.Sharp.IO\Raspberry.IO.InterIntegratedCircuit.dll
		Raspberry.Sharp.IO\Raspberry.IO.Interop.dll = Raspberry.Sharp.IO\Raspberry.IO.Interop.dll
		Raspberry.Sharp.IO\Raspberry.System.dll = Raspberry.Sharp.IO\Raspberry.System.dll
		Raspberry.Sharp.IO\README.md = Raspberry.Sharp.IO\README.md
		Raspberry.Sharp.IO\UnitsNet.dll = Raspberry.Sharp.IO\UnitsNet.dll
	EndProjectSection
EndProject
Global
	GlobalSection(SolutionConfigurationPlatforms) = preSolution
		Debug|Any CPU = Debug|Any CPU
		Release|Any CPU = Release|Any CPU
	EndGlobalSection
	GlobalSection(ProjectConfigurationPlatforms) = postSolution
		{57FC566D-D931-4A12-80B8-5C9C13D87253}.Debug|Any CPU.ActiveCfg = Debug|Any CPU
		{57FC566D-D931-4A12-80B8-5C9C13D87253}.Debug|Any CPU.Build.0 = Debug|Any CPU
		{57FC566D-D931-4A12-80B8-5C9C13D87253}.Release|Any CPU.ActiveCfg = Release|Any CPU
		{57FC566D-D931-4A12-80B8-5C9C13D87253}.Release|Any CPU.Build.0 = Release|Any CPU
		{A3140386-1711-410C-97F8-7B593D9F53F0}.Debug|Any CPU.ActiveCfg = Debug|Any CPU
		{A3140386-1711-410C-97F8-7B593D9F53F0}.Debug|Any CPU.Build.0 = Debug|Any CPU
		{A3140386-1711-410C-97F8-7B593D9F53F0}.Release|Any CPU.ActiveCfg = Release|Any CPU
		{A3140386-1711-410C-97F8-7B593D9F53F0}.Release|Any CPU.Build.0 = Release|Any CPU
		{DAC19D2C-C267-47A2-8026-9C272D98803E}.Debug|Any CPU.ActiveCfg = Debug|Any CPU
		{DAC19D2C-C267-47A2-8026-9C272D98803E}.Debug|Any CPU.Build.0 = Debug|Any CPU
		{DAC19D2C-C267-47A2-8026-9C272D98803E}.Release|Any CPU.ActiveCfg = Release|Any CPU
		{DAC19D2C-C267-47A2-8026-9C272D98803E}.Release|Any CPU.Build.0 = Release|Any CPU
		{BB2735D8-B4AB-4D86-9CE4-CF9165837F9D}.Debug|Any CPU.ActiveCfg = Debug|Any CPU
		{BB2735D8-B4AB-4D86-9CE4-CF9165837F9D}.Debug|Any CPU.Build.0 = Debug|Any CPU
		{BB2735D8-B4AB-4D86-9CE4-CF9165837F9D}.Release|Any CPU.ActiveCfg = Release|Any CPU
		{BB2735D8-B4AB-4D86-9CE4-CF9165837F9D}.Release|Any CPU.Build.0 = Release|Any CPU
		{73DF1D33-B960-4D01-BC1B-E75157443D0F}.Debug|Any CPU.ActiveCfg = Debug|Any CPU
		{73DF1D33-B960-4D01-BC1B-E75157443D0F}.Debug|Any CPU.Build.0 = Debug|Any CPU
		{73DF1D33-B960-4D01-BC1B-E75157443D0F}.Release|Any CPU.ActiveCfg = Release|Any CPU
		{73DF1D33-B960-4D01-BC1B-E75157443D0F}.Release|Any CPU.Build.0 = Release|Any CPU
		{E9E04CE2-77A2-4E6C-997E-972C8F606DD1}.Debug|Any CPU.ActiveCfg = Debug|Any CPU
		{E9E04CE2-77A2-4E6C-997E-972C8F606DD1}.Debug|Any CPU.Build.0 = Debug|Any CPU
		{E9E04CE2-77A2-4E6C-997E-972C8F606DD1}.Release|Any CPU.ActiveCfg = Release|Any CPU
		{E9E04CE2-77A2-4E6C-997E-972C8F606DD1}.Release|Any CPU.Build.0 = Release|Any CPU
		{418E3047-2859-4E5D-A851-987AD04156A6}.Debug|Any CPU.ActiveCfg = Debug|Any CPU
		{418E3047-2859-4E5D-A851-987AD04156A6}.Debug|Any CPU.Build.0 = Debug|Any CPU
		{418E3047-2859-4E5D-A851-987AD04156A6}.Release|Any CPU.ActiveCfg = Release|Any CPU
		{418E3047-2859-4E5D-A851-987AD04156A6}.Release|Any CPU.Build.0 = Release|Any CPU
		{F500DD04-1E98-4D75-B06C-F3EFF773A603}.Debug|Any CPU.ActiveCfg = Debug|Any CPU
		{F500DD04-1E98-4D75-B06C-F3EFF773A603}.Debug|Any CPU.Build.0 = Debug|Any CPU
		{F500DD04-1E98-4D75-B06C-F3EFF773A603}.Release|Any CPU.ActiveCfg = Release|Any CPU
		{F500DD04-1E98-4D75-B06C-F3EFF773A603}.Release|Any CPU.Build.0 = Release|Any CPU
	EndGlobalSection
	GlobalSection(SolutionProperties) = preSolution
		HideSolutionNode = FALSE
	EndGlobalSection
EndGlobal
